
Microsoft Visual Studio Solution File, Format Version 12.00
# Visual Studio Version 16
VisualStudioVersion = 16.0.31205.134
MinimumVisualStudioVersion = 10.0.40219.1
Project("{9A19103F-16F7-4668-BE54-9A1E7A4F7556}") = "API-Test", "API-Test\API-Test.csproj", "{1FDEE429-814D-4274-8ED9-3BC416B9974C}"
EndProject
Project("{9A19103F-16F7-4668-BE54-9A1E7A4F7556}") = "API-Test.Database", "API-Test.Database\API-Test.Database.csproj", "{38F82281-57B8-41F5-B2DB-D4066315B5D6}"
EndProject
Project("{9A19103F-16F7-4668-BE54-9A1E7A4F7556}") = "API-Test.Repository", "API-Test.Repository\API-Test.Repository.csproj", "{FD45C3E6-5779-4484-8467-FB1C7642EE4D}"
EndProject
Project("{9A19103F-16F7-4668-BE54-9A1E7A4F7556}") = "API-Test.Tests", "API-Test.Tests\API-Test.Tests.csproj", "{F28E329B-0E56-47E4-9962-7828A430F7F2}"
EndProject
Project("{9A19103F-16F7-4668-BE54-9A1E7A4F7556}") = "API-Test.Repository.Tests", "API-Test.Repository.Tests\API-Test.Repository.Tests.csproj", "{7437D615-754D-430C-AC4C-63A5FED79F29}"
EndProject
Project("{2150E333-8FDC-42A3-9474-1A3956D46DE8}") = "Solution Items", "Solution Items", "{E341A1A7-C9F4-4067-9DDC-427DABF6ECCA}"
	ProjectSection(SolutionItems) = preProject
		Lib\NORTHWIND.sql = Lib\NORTHWIND.sql
	EndProjectSection
EndProject
Project("{FAE04EC0-301F-11D3-BF4B-00C04F79EFBC}") = "API-Test.Services", "API-Test.Services\API-Test.Services.csproj", "{20E4627A-0D80-4340-A85B-ABD10966BBC0}"
EndProject
Project("{FAE04EC0-301F-11D3-BF4B-00C04F79EFBC}") = "API-Test.Services.Tests", "API-Test.Services.Tests\API-Test.Services.Tests.csproj", "{0E3AB481-21D2-4EB1-8D65-36CD8037A8B6}"
EndProject
Global
	GlobalSection(SolutionConfigurationPlatforms) = preSolution
		Debug|Any CPU = Debug|Any CPU
		Release|Any CPU = Release|Any CPU
	EndGlobalSection
	GlobalSection(ProjectConfigurationPlatforms) = postSolution
		{1FDEE429-814D-4274-8ED9-3BC416B9974C}.Debug|Any CPU.ActiveCfg = Debug|Any CPU
		{1FDEE429-814D-4274-8ED9-3BC416B9974C}.Debug|Any CPU.Build.0 = Debug|Any CPU
		{1FDEE429-814D-4274-8ED9-3BC416B9974C}.Release|Any CPU.ActiveCfg = Release|Any CPU
		{1FDEE429-814D-4274-8ED9-3BC416B9974C}.Release|Any CPU.Build.0 = Release|Any CPU
		{38F82281-57B8-41F5-B2DB-D4066315B5D6}.Debug|Any CPU.ActiveCfg = Debug|Any CPU
		{38F82281-57B8-41F5-B2DB-D4066315B5D6}.Debug|Any CPU.Build.0 = Debug|Any CPU
		{38F82281-57B8-41F5-B2DB-D4066315B5D6}.Release|Any CPU.ActiveCfg = Release|Any CPU
		{38F82281-57B8-41F5-B2DB-D4066315B5D6}.Release|Any CPU.Build.0 = Release|Any CPU
		{FD45C3E6-5779-4484-8467-FB1C7642EE4D}.Debug|Any CPU.ActiveCfg = Debug|Any CPU
		{FD45C3E6-5779-4484-8467-FB1C7642EE4D}.Debug|Any CPU.Build.0 = Debug|Any CPU
		{FD45C3E6-5779-4484-8467-FB1C7642EE4D}.Release|Any CPU.ActiveCfg = Release|Any CPU
		{FD45C3E6-5779-4484-8467-FB1C7642EE4D}.Release|Any CPU.Build.0 = Release|Any CPU
		{F28E329B-0E56-47E4-9962-7828A430F7F2}.Debug|Any CPU.ActiveCfg = Debug|Any CPU
		{F28E329B-0E56-47E4-9962-7828A430F7F2}.Debug|Any CPU.Build.0 = Debug|Any CPU
		{F28E329B-0E56-47E4-9962-7828A430F7F2}.Release|Any CPU.ActiveCfg = Release|Any CPU
		{F28E329B-0E56-47E4-9962-7828A430F7F2}.Release|Any CPU.Build.0 = Release|Any CPU
		{7437D615-754D-430C-AC4C-63A5FED79F29}.Debug|Any CPU.ActiveCfg = Debug|Any CPU
		{7437D615-754D-430C-AC4C-63A5FED79F29}.Debug|Any CPU.Build.0 = Debug|Any CPU
		{7437D615-754D-430C-AC4C-63A5FED79F29}.Release|Any CPU.ActiveCfg = Release|Any CPU
		{7437D615-754D-430C-AC4C-63A5FED79F29}.Release|Any CPU.Build.0 = Release|Any CPU
		{20E4627A-0D80-4340-A85B-ABD10966BBC0}.Debug|Any CPU.ActiveCfg = Debug|Any CPU
		{20E4627A-0D80-4340-A85B-ABD10966BBC0}.Debug|Any CPU.Build.0 = Debug|Any CPU
		{20E4627A-0D80-4340-A85B-ABD10966BBC0}.Release|Any CPU.ActiveCfg = Release|Any CPU
		{20E4627A-0D80-4340-A85B-ABD10966BBC0}.Release|Any CPU.Build.0 = Release|Any CPU
		{0E3AB481-21D2-4EB1-8D65-36CD8037A8B6}.Debug|Any CPU.ActiveCfg = Debug|Any CPU
		{0E3AB481-21D2-4EB1-8D65-36CD8037A8B6}.Debug|Any CPU.Build.0 = Debug|Any CPU
		{0E3AB481-21D2-4EB1-8D65-36CD8037A8B6}.Release|Any CPU.ActiveCfg = Release|Any CPU
		{0E3AB481-21D2-4EB1-8D65-36CD8037A8B6}.Release|Any CPU.Build.0 = Release|Any CPU
	EndGlobalSection
	GlobalSection(SolutionProperties) = preSolution
		HideSolutionNode = FALSE
	EndGlobalSection
	GlobalSection(ExtensibilityGlobals) = postSolution
		SolutionGuid = {BDC5CC04-524D-4B62-A242-79884AF12007}
	EndGlobalSection
EndGlobal
